{
  "lockfileVersion": 1,
  "configVersion": 1,
  "workspaces": {
    "": {
      "name": "@web-devkit/i18n",
      "dependencies": {
        "lit": "^3.3.2",
      },
      "devDependencies": {
        "typescript": "^6.0.2",
      },
    },
  },
  "packages": {
    "@lit-labs/ssr-dom-shim": ["@lit-labs/ssr-dom-shim@1.5.1", "", {}, "sha512-Aou5UdlSpr5whQe8AA/bZG0jMj96CoJIWbGfZ91qieWu5AWUMKw8VR/pAkQkJYvBNhmCcWnZlyyk5oze8JIqYA=="],

    "@lit/reactive-element": ["@lit/reactive-element@2.1.2", "", { "dependencies": { "@lit-labs/ssr-dom-shim": "^1.5.0" } }, "sha512-pbCDiVMnne1lYUIaYNN5wrwQXDtHaYtg7YEFPeW+hws6U47WeFvISGUWekPGKWOP1ygrs0ef0o1VJMk1exos5A=="],

    "@types/trusted-types": ["@types/trusted-types@2.0.7", "", {}, "sha512-ScaPdn1dQczgbl0QFTeTOmVHFULt394XJgOQNoyVhZ6r2vLnMLJfBPd53SB52T/3G36VI1/g2MZaX0cwDuXsfw=="],

    "lit": ["lit@3.3.2", "", { "dependencies": { "@lit/reactive-element": "^2.1.0", "lit-element": "^4.2.0", "lit-html": "^3.3.0" } }, "sha512-NF9zbsP79l4ao2SNrH3NkfmFgN/hBYSQo90saIVI1o5GpjAdCPVstVzO1MrLOakHoEhYkrtRjPK6Ob521aoYWQ=="],

    "lit-element": ["lit-element@4.2.2", "", { "dependencies": { "@lit-labs/ssr-dom-shim": "^1.5.0", "@lit/reactive-element": "^2.1.0", "lit-html": "^3.3.0" } }, "sha512-aFKhNToWxoyhkNDmWZwEva2SlQia+jfG0fjIWV//YeTaWrVnOxD89dPKfigCUspXFmjzOEUQpOkejH5Ly6sG0w=="],

    "lit-html": ["lit-html@3.3.2", "", { "dependencies": { "@types/trusted-types": "^2.0.2" } }, "sha512-Qy9hU88zcmaxBXcc10ZpdK7cOLXvXpRoBxERdtqV9QOrfpMZZ6pSYP91LhpPtap3sFMUiL7Tw2RImbe0Al2/kw=="],

    "typescript": ["typescript@6.0.2", "", { "bin": { "tsc": "bin/tsc", "tsserver": "bin/tsserver" } }, "sha512-bGdAIrZ0wiGDo5l8c++HWtbaNCWTS4UTv7RaTH/ThVIgjkveJt83m74bBHMJkuCbslY8ixgLBVZJIOiQlQTjfQ=="],
  }
}
